
Microsoft Visual Studio Solution File, Format Version 12.00
# Visual Studio Version 16
VisualStudioVersion = 16.0.31005.135
MinimumVisualStudioVersion = 10.0.40219.1
Project("{FAE04EC0-301F-11D3-BF4B-00C04F79EFBC}") = "DataAccess", "..\DataAccess\DataAccess.csproj", "{6987ADA2-F1E9-4BD0-8518-0D0D81BD1623}"
EndProject
Project("{FAE04EC0-301F-11D3-BF4B-00C04F79EFBC}") = "Business", "Business\Business.csproj", "{2B581661-6C92-4A78-94CE-84F5B3D0A174}"
EndProject
Project("{FAE04EC0-301F-11D3-BF4B-00C04F79EFBC}") = "Entities", "Entities\Entities.csproj", "{86D06A46-3CB2-445F-8CA9-C9FCD9325857}"
EndProject
Project("{FAE04EC0-301F-11D3-BF4B-00C04F79EFBC}") = "ConsoleUI", "ConoleUI\ConsoleUI.csproj", "{0D184C62-F5A5-4B39-AB65-EC0AC41E7314}"
EndProject
Global
	GlobalSection(SolutionConfigurationPlatforms) = preSolution
		Debug|Any CPU = Debug|Any CPU
		Release|Any CPU = Release|Any CPU
	EndGlobalSection
	GlobalSection(ProjectConfigurationPlatforms) = postSolution
		{6987ADA2-F1E9-4BD0-8518-0D0D81BD1623}.Debug|Any CPU.ActiveCfg = Debug|Any CPU
		{6987ADA2-F1E9-4BD0-8518-0D0D81BD1623}.Debug|Any CPU.Build.0 = Debug|Any CPU
		{6987ADA2-F1E9-4BD0-8518-0D0D81BD1623}.Release|Any CPU.ActiveCfg = Release|Any CPU
		{6987ADA2-F1E9-4BD0-8518-0D0D81BD1623}.Release|Any CPU.Build.0 = Release|Any CPU
		{2B581661-6C92-4A78-94CE-84F5B3D0A174}.Debug|Any CPU.ActiveCfg = Debug|Any CPU
		{2B581661-6C92-4A78-94CE-84F5B3D0A174}.Debug|Any CPU.Build.0 = Debug|Any CPU
		{2B581661-6C92-4A78-94CE-84F5B3D0A174}.Release|Any CPU.ActiveCfg = Release|Any CPU
		{2B581661-6C92-4A78-94CE-84F5B3D0A174}.Release|Any CPU.Build.0 = Release|Any CPU
		{86D06A46-3CB2-445F-8CA9-C9FCD9325857}.Debug|Any CPU.ActiveCfg = Debug|Any CPU
		{86D06A46-3CB2-445F-8CA9-C9FCD9325857}.Debug|Any CPU.Build.0 = Debug|Any CPU
		{86D06A46-3CB2-445F-8CA9-C9FCD9325857}.Release|Any CPU.ActiveCfg = Release|Any CPU
		{86D06A46-3CB2-445F-8CA9-C9FCD9325857}.Release|Any CPU.Build.0 = Release|Any CPU
		{0D184C62-F5A5-4B39-AB65-EC0AC41E7314}.Debug|Any CPU.ActiveCfg = Debug|Any CPU
		{0D184C62-F5A5-4B39-AB65-EC0AC41E7314}.Debug|Any CPU.Build.0 = Debug|Any CPU
		{0D184C62-F5A5-4B39-AB65-EC0AC41E7314}.Release|Any CPU.ActiveCfg = Release|Any CPU
		{0D184C62-F5A5-4B39-AB65-EC0AC41E7314}.Release|Any CPU.Build.0 = Release|Any CPU
	EndGlobalSection
	GlobalSection(SolutionProperties) = preSolution
		HideSolutionNode = FALSE
	EndGlobalSection
	GlobalSection(ExtensibilityGlobals) = postSolution
		SolutionGuid = {BCF3AD0B-26FE-46F2-88A7-0ACEABE7202C}
	EndGlobalSection
EndGlobal
